<?xml version="1.0" encoding="utf-8"?>
<Project ToolsVersion="17.0" xmlns="http://schemas.microsoft.com/developer/msbuild/2003">
  <ItemGroup>
    <ClCompile Include="C:\Users\yukoma\Documents\GitHub\l1\CMake\main.cpp">
      <Filter>Source Files</Filter>
    </ClCompile>
  </ItemGroup>
  <ItemGroup>
    <CustomBuild Include="C:\Users\yukoma\Documents\GitHub\l1\CMake\CMakeLists.txt" />
  </ItemGroup>
  <ItemGroup>
    <Filter Include="Source Files">
      <UniqueIdentifier>{5CEE7882-58F7-3627-AE48-16604CAFAD62}</UniqueIdentifier>
    </Filter>
  </ItemGroup>
</Project>
